// !$*UTF8*$!
{
	archiveVersion = 1;
	classes = {
	};
	objectVersion = 77;
	objects = {

/* Begin PBXFileReference section */
		57650683300F226D00EDA31D /* index.html */ = {isa = PBXFileReference; lastKnownFileType = text.html; path = index.html; sourceTree = "<group>"; };
		57650684300F226D00EDA31D /* LICENSE */ = {isa = PBXFileReference; lastKnownFileType = text; path = LICENSE; sourceTree = "<group>"; };
		57650685300F226D00EDA31D /* README.md */ = {isa = PBXFileReference; lastKnownFileType = net.daringfireball.markdown; path = README.md; sourceTree = "<group>"; };
		57ECEA20302C16A3001C65D5 /* CNAME */ = {isa = PBXFileReference; lastKnownFileType = text; path = CNAME; sourceTree = "<group>"; };
/* End PBXFileReference section */

/* Begin PBXFileSystemSynchronizedRootGroup section */
		57650669300F226D00EDA31D /* Documentación */ = {
			isa = PBXFileSystemSynchronizedRootGroup;
			path = "Documentación";
			sourceTree = "<group>";
		};
		57650682300F226D00EDA31D /* Hogar */ = {
			isa = PBXFileSystemSynchronizedRootGroup;
			path = Hogar;
			sourceTree = "<group>";
		};
		57E19321301DADBF007B1DBA /* Depreciado */ = {
			isa = PBXFileSystemSynchronizedRootGroup;
			path = Depreciado;
			sourceTree = "<group>";
		};
/* End PBXFileSystemSynchronizedRootGroup section */

/* Begin PBXGroup section */
		57650662300F110D00EDA31D = {
			isa = PBXGroup;
			children = (
				57E19321301DADBF007B1DBA /* Depreciado */,
				57650669300F226D00EDA31D /* Documentación */,
				57650682300F226D00EDA31D /* Hogar */,
				57650683300F226D00EDA31D /* index.html */,
				57ECEA20302C16A3001C65D5 /* CNAME */,
				57650684300F226D00EDA31D /* LICENSE */,
				57650685300F226D00EDA31D /* README.md */,
			);
			sourceTree = "<group>";
		};
/* End PBXGroup section */

/* Begin PBXProject section */
		57650663300F110D00EDA31D /* Project object */ = {
			isa = PBXProject;
			attributes = {
				BuildIndependentTargetsInParallel = 1;
				LastUpgradeCheck = 2630;
			};
			buildConfigurationList = 57650666300F110D00EDA31D /* Build configuration list for PBXProject "KrystalSalonWebsite" */;
			developmentRegion = en;
			hasScannedForEncodings = 0;
			knownRegions = (
				en,
				Base,
			);
			mainGroup = 57650662300F110D00EDA31D;
			minimizedProjectReferenceProxies = 1;
			preferredProjectObjectVersion = 77;
			projectDirPath = "";
			projectRoot = "";
			targets = (
			);
		};
/* End PBXProject section */

/* Begin XCBuildConfiguration section */
		57650667300F110D00EDA31D /* Debug */ = {
			isa = XCBuildConfiguration;
			buildSettings = {
			};
			name = Debug;
		};
		57650668300F110D00EDA31D /* Release */ = {
			isa = XCBuildConfiguration;
			buildSettings = {
			};
			name = Release;
		};
/* End XCBuildConfiguration section */

/* Begin XCConfigurationList section */
		57650666300F110D00EDA31D /* Build configuration list for PBXProject "KrystalSalonWebsite" */ = {
			isa = XCConfigurationList;
			buildConfigurations = (
				57650667300F110D00EDA31D /* Debug */,
				57650668300F110D00EDA31D /* Release */,
			);
			defaultConfigurationIsVisible = 0;
			defaultConfigurationName = Release;
		};
/* End XCConfigurationList section */
	};
	rootObject = 57650663300F110D00EDA31D /* Project object */;
}
